
Microsoft Visual Studio Solution File, Format Version 12.00
# Visual Studio 2013
VisualStudioVersion = 12.0.40629.0
MinimumVisualStudioVersion = 10.0.40219.1
Project("{FAE04EC0-301F-11D3-BF4B-00C04F79EFBC}") = "Yalla.Core", "Yalla.Core\Portable\Yalla.Core.csproj", "{25FD586A-B4E6-4DBE-8B88-80A3611B6FD3}"
EndProject
Project("{FAE04EC0-301F-11D3-BF4B-00C04F79EFBC}") = "Yalla.Core.Portable.Net40", "Yalla.Core\Portable.Net40\Yalla.Core.Portable.Net40.csproj", "{FDA9235E-4F0D-41FD-A877-156B907F5D06}"
EndProject
Project("{2150E333-8FDC-42A3-9474-1A3956D46DE8}") = "Solution Items", "Solution Items", "{16BD9109-4EE2-4576-9B46-DAAB769D2C92}"
	ProjectSection(SolutionItems) = preProject
		..\LICENSE = ..\LICENSE
		..\NOTICE = ..\NOTICE
		..\README.md = ..\README.md
		..\Yalla.Core.nuspec = ..\Yalla.Core.nuspec
	EndProjectSection
EndProject
Global
	GlobalSection(SolutionConfigurationPlatforms) = preSolution
		Debug|Any CPU = Debug|Any CPU
		Release|Any CPU = Release|Any CPU
	EndGlobalSection
	GlobalSection(ProjectConfigurationPlatforms) = postSolution
		{25FD586A-B4E6-4DBE-8B88-80A3611B6FD3}.Debug|Any CPU.ActiveCfg = Debug|Any CPU
		{25FD586A-B4E6-4DBE-8B88-80A3611B6FD3}.Debug|Any CPU.Build.0 = Debug|Any CPU
		{25FD586A-B4E6-4DBE-8B88-80A3611B6FD3}.Release|Any CPU.ActiveCfg = Release|Any CPU
		{25FD586A-B4E6-4DBE-8B88-80A3611B6FD3}.Release|Any CPU.Build.0 = Release|Any CPU
		{FDA9235E-4F0D-41FD-A877-156B907F5D06}.Debug|Any CPU.ActiveCfg = Debug|Any CPU
		{FDA9235E-4F0D-41FD-A877-156B907F5D06}.Debug|Any CPU.Build.0 = Debug|Any CPU
		{FDA9235E-4F0D-41FD-A877-156B907F5D06}.Release|Any CPU.ActiveCfg = Release|Any CPU
		{FDA9235E-4F0D-41FD-A877-156B907F5D06}.Release|Any CPU.Build.0 = Release|Any CPU
	EndGlobalSection
	GlobalSection(SolutionProperties) = preSolution
		HideSolutionNode = FALSE
	EndGlobalSection
	GlobalSection(ExtensibilityGlobals) = postSolution
		EnterpriseLibraryConfigurationToolBinariesPath = packages\Unity.2.1.505.0\lib\NET35;packages\Unity.Interception.2.1.505.0\lib\NET35;packages\EnterpriseLibrary.Common.5.0.505.0\lib\NET35;packages\EnterpriseLibrary.Logging.5.0.505.1\lib\NET35
		EnterpriseLibraryConfigurationToolBinariesPathV6 = packages\EnterpriseLibrary.Common.6.0.1304.0\lib\NET45;packages\EnterpriseLibrary.Logging.6.0.1304.0\lib\NET45
	EndGlobalSection
	GlobalSection(MonoDevelopProperties) = preSolution
		StartupItem = Yalla.Log4Net\Net45\Yalla.Log4Net.Net45.csproj
	EndGlobalSection
EndGlobal
